
Microsoft Visual Studio Solution File, Format Version 12.00
# Visual Studio 15
VisualStudioVersion = 15.0.26730.8
MinimumVisualStudioVersion = 10.0.40219.1
Project("{FAE04EC0-301F-11D3-BF4B-00C04F79EFBC}") = "RzChroma.Managed", "RzChroma.Managed\RzChroma.Managed.csproj", "{EF02C974-F3FB-45AE-8296-5E2E45199BB5}"
EndProject
Project("{8BC9CEB8-8B4A-11D0-8D11-00A0C91BC942}") = "RzChroma", "RzChroma\RzChroma.vcxproj", "{E9F52CFE-728A-45AA-A6D8-32EB6533282D}"
EndProject
Project("{8BC9CEB8-8B4A-11D0-8D11-00A0C91BC942}") = "RzChroma.Test", "RzChroma.Test\RzChroma.Test.vcxproj", "{7C7EF5B9-79A8-4A0C-A7BA-D3A95FB01D5F}"
EndProject
Project("{8BC9CEB8-8B4A-11D0-8D11-00A0C91BC942}") = "RzChroma.Native", "RzChroma.Native\RzChroma.Native.vcxproj", "{EAC66569-4FDD-42AF-A84B-57EF5D6FDB26}"
EndProject
Project("{FAE04EC0-301F-11D3-BF4B-00C04F79EFBC}") = "Overlights", "Overlights\Overlights.csproj", "{C399FD18-8B3C-41B1-902F-FB1024ABD0AB}"
EndProject
Global
	GlobalSection(SolutionConfigurationPlatforms) = preSolution
		Debug|Any CPU = Debug|Any CPU
		Debug|x64 = Debug|x64
		Debug|x86 = Debug|x86
		Release|Any CPU = Release|Any CPU
		Release|x64 = Release|x64
		Release|x86 = Release|x86
	EndGlobalSection
	GlobalSection(ProjectConfigurationPlatforms) = postSolution
		{EF02C974-F3FB-45AE-8296-5E2E45199BB5}.Debug|Any CPU.ActiveCfg = Debug|Any CPU
		{EF02C974-F3FB-45AE-8296-5E2E45199BB5}.Debug|Any CPU.Build.0 = Debug|Any CPU
		{EF02C974-F3FB-45AE-8296-5E2E45199BB5}.Debug|x64.ActiveCfg = Debug|Any CPU
		{EF02C974-F3FB-45AE-8296-5E2E45199BB5}.Debug|x64.Build.0 = Debug|Any CPU
		{EF02C974-F3FB-45AE-8296-5E2E45199BB5}.Debug|x86.ActiveCfg = Debug|Any CPU
		{EF02C974-F3FB-45AE-8296-5E2E45199BB5}.Debug|x86.Build.0 = Debug|Any CPU
		{EF02C974-F3FB-45AE-8296-5E2E45199BB5}.Release|Any CPU.ActiveCfg = Release|Any CPU
		{EF02C974-F3FB-45AE-8296-5E2E45199BB5}.Release|Any CPU.Build.0 = Release|Any CPU
		{EF02C974-F3FB-45AE-8296-5E2E45199BB5}.Release|x64.ActiveCfg = Release|Any CPU
		{EF02C974-F3FB-45AE-8296-5E2E45199BB5}.Release|x64.Build.0 = Release|Any CPU
		{EF02C974-F3FB-45AE-8296-5E2E45199BB5}.Release|x86.ActiveCfg = Release|Any CPU
		{EF02C974-F3FB-45AE-8296-5E2E45199BB5}.Release|x86.Build.0 = Release|Any CPU
		{E9F52CFE-728A-45AA-A6D8-32EB6533282D}.Debug|Any CPU.ActiveCfg = Debug|Win32
		{E9F52CFE-728A-45AA-A6D8-32EB6533282D}.Debug|x64.ActiveCfg = Debug|x64
		{E9F52CFE-728A-45AA-A6D8-32EB6533282D}.Debug|x64.Build.0 = Debug|x64
		{E9F52CFE-728A-45AA-A6D8-32EB6533282D}.Debug|x86.ActiveCfg = Debug|Win32
		{E9F52CFE-728A-45AA-A6D8-32EB6533282D}.Debug|x86.Build.0 = Debug|Win32
		{E9F52CFE-728A-45AA-A6D8-32EB6533282D}.Release|Any CPU.ActiveCfg = Release|Win32
		{E9F52CFE-728A-45AA-A6D8-32EB6533282D}.Release|x64.ActiveCfg = Release|x64
		{E9F52CFE-728A-45AA-A6D8-32EB6533282D}.Release|x64.Build.0 = Release|x64
		{E9F52CFE-728A-45AA-A6D8-32EB6533282D}.Release|x86.ActiveCfg = Release|Win32
		{E9F52CFE-728A-45AA-A6D8-32EB6533282D}.Release|x86.Build.0 = Release|Win32
		{7C7EF5B9-79A8-4A0C-A7BA-D3A95FB01D5F}.Debug|Any CPU.ActiveCfg = Debug|Win32
		{7C7EF5B9-79A8-4A0C-A7BA-D3A95FB01D5F}.Debug|x64.ActiveCfg = Debug|x64
		{7C7EF5B9-79A8-4A0C-A7BA-D3A95FB01D5F}.Debug|x64.Build.0 = Debug|x64
		{7C7EF5B9-79A8-4A0C-A7BA-D3A95FB01D5F}.Debug|x86.ActiveCfg = Debug|Win32
		{7C7EF5B9-79A8-4A0C-A7BA-D3A95FB01D5F}.Debug|x86.Build.0 = Debug|Win32
		{7C7EF5B9-79A8-4A0C-A7BA-D3A95FB01D5F}.Release|Any CPU.ActiveCfg = Release|Win32
		{7C7EF5B9-79A8-4A0C-A7BA-D3A95FB01D5F}.Release|x64.ActiveCfg = Release|x64
		{7C7EF5B9-79A8-4A0C-A7BA-D3A95FB01D5F}.Release|x64.Build.0 = Release|x64
		{7C7EF5B9-79A8-4A0C-A7BA-D3A95FB01D5F}.Release|x86.ActiveCfg = Release|Win32
		{7C7EF5B9-79A8-4A0C-A7BA-D3A95FB01D5F}.Release|x86.Build.0 = Release|Win32
		{EAC66569-4FDD-42AF-A84B-57EF5D6FDB26}.Debug|Any CPU.ActiveCfg = Debug|Win32
		{EAC66569-4FDD-42AF-A84B-57EF5D6FDB26}.Debug|x64.ActiveCfg = Debug|x64
		{EAC66569-4FDD-42AF-A84B-57EF5D6FDB26}.Debug|x64.Build.0 = Debug|x64
		{EAC66569-4FDD-42AF-A84B-57EF5D6FDB26}.Debug|x86.ActiveCfg = Debug|Win32
		{EAC66569-4FDD-42AF-A84B-57EF5D6FDB26}.Debug|x86.Build.0 = Debug|Win32
		{EAC66569-4FDD-42AF-A84B-57EF5D6FDB26}.Release|Any CPU.ActiveCfg = Release|Win32
		{EAC66569-4FDD-42AF-A84B-57EF5D6FDB26}.Release|x64.ActiveCfg = Release|x64
		{EAC66569-4FDD-42AF-A84B-57EF5D6FDB26}.Release|x64.Build.0 = Release|x64
		{EAC66569-4FDD-42AF-A84B-57EF5D6FDB26}.Release|x86.ActiveCfg = Release|Win32
		{EAC66569-4FDD-42AF-A84B-57EF5D6FDB26}.Release|x86.Build.0 = Release|Win32
		{C399FD18-8B3C-41B1-902F-FB1024ABD0AB}.Debug|Any CPU.ActiveCfg = Debug|Any CPU
		{C399FD18-8B3C-41B1-902F-FB1024ABD0AB}.Debug|Any CPU.Build.0 = Debug|Any CPU
		{C399FD18-8B3C-41B1-902F-FB1024ABD0AB}.Debug|x64.ActiveCfg = Debug|Any CPU
		{C399FD18-8B3C-41B1-902F-FB1024ABD0AB}.Debug|x64.Build.0 = Debug|Any CPU
		{C399FD18-8B3C-41B1-902F-FB1024ABD0AB}.Debug|x86.ActiveCfg = Debug|Any CPU
		{C399FD18-8B3C-41B1-902F-FB1024ABD0AB}.Debug|x86.Build.0 = Debug|Any CPU
		{C399FD18-8B3C-41B1-902F-FB1024ABD0AB}.Release|Any CPU.ActiveCfg = Release|Any CPU
		{C399FD18-8B3C-41B1-902F-FB1024ABD0AB}.Release|Any CPU.Build.0 = Release|Any CPU
		{C399FD18-8B3C-41B1-902F-FB1024ABD0AB}.Release|x64.ActiveCfg = Release|Any CPU
		{C399FD18-8B3C-41B1-902F-FB1024ABD0AB}.Release|x64.Build.0 = Release|Any CPU
		{C399FD18-8B3C-41B1-902F-FB1024ABD0AB}.Release|x86.ActiveCfg = Release|Any CPU
		{C399FD18-8B3C-41B1-902F-FB1024ABD0AB}.Release|x86.Build.0 = Release|Any CPU
	EndGlobalSection
	GlobalSection(SolutionProperties) = preSolution
		HideSolutionNode = FALSE
	EndGlobalSection
	GlobalSection(ExtensibilityGlobals) = postSolution
		SolutionGuid = {2298945E-474C-4EFA-A572-5DC4AF7D2DE9}
	EndGlobalSection
EndGlobal
